
Microsoft Visual Studio Solution File, Format Version 12.00
# Visual Studio Version 16
VisualStudioVersion = 16.0.30413.136
MinimumVisualStudioVersion = 10.0.40219.1
Project("{9A19103F-16F7-4668-BE54-9A1E7A4F7556}") = "MTX", "MTX\MTX.csproj", "{3C51B061-89A9-4234-B156-8780C16F1D85}"
EndProject
Project("{FAE04EC0-301F-11D3-BF4B-00C04F79EFBC}") = "MTXCore", "MTXCore\MTXCore.csproj", "{5F8DC772-333E-4BD2-805F-FD58C9CD5B6C}"
EndProject
Global
	GlobalSection(SolutionConfigurationPlatforms) = preSolution
		Debug|Any CPU = Debug|Any CPU
		Release|Any CPU = Release|Any CPU
	EndGlobalSection
	GlobalSection(ProjectConfigurationPlatforms) = postSolution
		{3C51B061-89A9-4234-B156-8780C16F1D85}.Debug|Any CPU.ActiveCfg = Debug|Any CPU
		{3C51B061-89A9-4234-B156-8780C16F1D85}.Debug|Any CPU.Build.0 = Debug|Any CPU
		{3C51B061-89A9-4234-B156-8780C16F1D85}.Release|Any CPU.ActiveCfg = Release|Any CPU
		{3C51B061-89A9-4234-B156-8780C16F1D85}.Release|Any CPU.Build.0 = Release|Any CPU
		{5F8DC772-333E-4BD2-805F-FD58C9CD5B6C}.Debug|Any CPU.ActiveCfg = Debug|Any CPU
		{5F8DC772-333E-4BD2-805F-FD58C9CD5B6C}.Debug|Any CPU.Build.0 = Debug|Any CPU
		{5F8DC772-333E-4BD2-805F-FD58C9CD5B6C}.Release|Any CPU.ActiveCfg = Release|Any CPU
		{5F8DC772-333E-4BD2-805F-FD58C9CD5B6C}.Release|Any CPU.Build.0 = Release|Any CPU
	EndGlobalSection
	GlobalSection(SolutionProperties) = preSolution
		HideSolutionNode = FALSE
	EndGlobalSection
	GlobalSection(ExtensibilityGlobals) = postSolution
		SolutionGuid = {013D57C5-976C-4C43-A1DC-488756552BBB}
	EndGlobalSection
EndGlobal
